
Microsoft Visual Studio Solution File, Format Version 12.00
# Visual Studio 14
VisualStudioVersion = 14.0.25420.1
MinimumVisualStudioVersion = 10.0.40219.1
Project("{FAE04EC0-301F-11D3-BF4B-00C04F79EFBC}") = "DerbyManagement.Model", "DerbyManagement.Model\DerbyManagement.Model.csproj", "{64302473-2002-4A11-9921-368FC4F01385}"
EndProject
Project("{FAE04EC0-301F-11D3-BF4B-00C04F79EFBC}") = "DerbyManagement.DAL", "DerbyManagement.DAL\DerbyManagement.DAL.csproj", "{E123C993-45CA-4688-9DB0-13CFE9063682}"
EndProject
Project("{FAE04EC0-301F-11D3-BF4B-00C04F79EFBC}") = "TestConsoleApp", "TestConsoleApp\TestConsoleApp.csproj", "{3B45B4D4-D6C2-4299-8E69-09C492860620}"
EndProject
Project("{FAE04EC0-301F-11D3-BF4B-00C04F79EFBC}") = "DerbyManagement.App", "DerbyManagement.App\DerbyManagement.App.csproj", "{8DFCCD32-54C2-47B7-8460-579F93AB16AA}"
EndProject
Project("{FAE04EC0-301F-11D3-BF4B-00C04F79EFBC}") = "DerbyManagement.Tests", "DerbyManagement.Tests\DerbyManagement.Tests.csproj", "{06DDC5AC-0EDD-4CE2-B74C-B969803D25B3}"
EndProject
Global
	GlobalSection(SolutionConfigurationPlatforms) = preSolution
		Debug|Any CPU = Debug|Any CPU
		Release|Any CPU = Release|Any CPU
	EndGlobalSection
	GlobalSection(ProjectConfigurationPlatforms) = postSolution
		{64302473-2002-4A11-9921-368FC4F01385}.Debug|Any CPU.ActiveCfg = Debug|Any CPU
		{64302473-2002-4A11-9921-368FC4F01385}.Debug|Any CPU.Build.0 = Debug|Any CPU
		{64302473-2002-4A11-9921-368FC4F01385}.Release|Any CPU.ActiveCfg = Release|Any CPU
		{64302473-2002-4A11-9921-368FC4F01385}.Release|Any CPU.Build.0 = Release|Any CPU
		{E123C993-45CA-4688-9DB0-13CFE9063682}.Debug|Any CPU.ActiveCfg = Debug|Any CPU
		{E123C993-45CA-4688-9DB0-13CFE9063682}.Debug|Any CPU.Build.0 = Debug|Any CPU
		{E123C993-45CA-4688-9DB0-13CFE9063682}.Release|Any CPU.ActiveCfg = Release|Any CPU
		{E123C993-45CA-4688-9DB0-13CFE9063682}.Release|Any CPU.Build.0 = Release|Any CPU
		{3B45B4D4-D6C2-4299-8E69-09C492860620}.Debug|Any CPU.ActiveCfg = Debug|Any CPU
		{3B45B4D4-D6C2-4299-8E69-09C492860620}.Debug|Any CPU.Build.0 = Debug|Any CPU
		{3B45B4D4-D6C2-4299-8E69-09C492860620}.Release|Any CPU.ActiveCfg = Release|Any CPU
		{3B45B4D4-D6C2-4299-8E69-09C492860620}.Release|Any CPU.Build.0 = Release|Any CPU
		{8DFCCD32-54C2-47B7-8460-579F93AB16AA}.Debug|Any CPU.ActiveCfg = Debug|Any CPU
		{8DFCCD32-54C2-47B7-8460-579F93AB16AA}.Debug|Any CPU.Build.0 = Debug|Any CPU
		{8DFCCD32-54C2-47B7-8460-579F93AB16AA}.Release|Any CPU.ActiveCfg = Release|Any CPU
		{8DFCCD32-54C2-47B7-8460-579F93AB16AA}.Release|Any CPU.Build.0 = Release|Any CPU
		{06DDC5AC-0EDD-4CE2-B74C-B969803D25B3}.Debug|Any CPU.ActiveCfg = Debug|Any CPU
		{06DDC5AC-0EDD-4CE2-B74C-B969803D25B3}.Debug|Any CPU.Build.0 = Debug|Any CPU
		{06DDC5AC-0EDD-4CE2-B74C-B969803D25B3}.Release|Any CPU.ActiveCfg = Release|Any CPU
		{06DDC5AC-0EDD-4CE2-B74C-B969803D25B3}.Release|Any CPU.Build.0 = Release|Any CPU
	EndGlobalSection
	GlobalSection(SolutionProperties) = preSolution
		HideSolutionNode = FALSE
	EndGlobalSection
EndGlobal
